
Microsoft Visual Studio Solution File, Format Version 12.00
# Visual Studio Version 17
VisualStudioVersion = 17.13.35931.197 d17.13
MinimumVisualStudioVersion = 10.0.40219.1
Project("{FAE04EC0-301F-11D3-BF4B-00C04F79EFBC}") = "FinalApp", "FinalApp.csproj", "{C18C9472-9B49-4E57-B078-F55725FFEBF9}"
EndProject
Global
	GlobalSection(SolutionConfigurationPlatforms) = preSolution
		Debug|Any CPU = Debug|Any CPU
		Release|Any CPU = Release|Any CPU
	EndGlobalSection
	GlobalSection(ProjectConfigurationPlatforms) = postSolution
		{C18C9472-9B49-4E57-B078-F55725FFEBF9}.Debug|Any CPU.ActiveCfg = Debug|Any CPU
		{C18C9472-9B49-4E57-B078-F55725FFEBF9}.Debug|Any CPU.Build.0 = Debug|Any CPU
		{C18C9472-9B49-4E57-B078-F55725FFEBF9}.Debug|Any CPU.Deploy.0 = Debug|Any CPU
		{C18C9472-9B49-4E57-B078-F55725FFEBF9}.Release|Any CPU.ActiveCfg = Release|Any CPU
		{C18C9472-9B49-4E57-B078-F55725FFEBF9}.Release|Any CPU.Build.0 = Release|Any CPU
		{C18C9472-9B49-4E57-B078-F55725FFEBF9}.Release|Any CPU.Deploy.0 = Release|Any CPU
	EndGlobalSection
	GlobalSection(SolutionProperties) = preSolution
		HideSolutionNode = FALSE
	EndGlobalSection
	GlobalSection(ExtensibilityGlobals) = postSolution
		SolutionGuid = {9AA021A8-8FA4-4F32-B9DA-56F158DAB033}
	EndGlobalSection
EndGlobal
